// !$*UTF8*$!
{
	archiveVersion = 1;
	classes = {
	};
	objectVersion = 46;
	objects = {

/* Begin PBXAggregateTarget section */
		3BF65D95EF25178CDC60AC89 /* install */ = {
			isa = PBXAggregateTarget;
			buildConfigurationList = 5409D94250E94049A08F84BD /* Build configuration list for PBXAggregateTarget "install" */;
			buildPhases = (
				93426DA6A4AC2C2AC9CE883C /* CMake PostBuild Rules */,
			);
			dependencies = (
				6C338FFD3E9745659017C7C4 /* PBXTargetDependency */,
			);
			name = install;
			productName = install;
		};
		4BA5B18782BF219EE6472741 /* ALL_BUILD */ = {
			isa = PBXAggregateTarget;
			buildConfigurationList = EF67D742C3F348368C2B303E /* Build configuration list for PBXAggregateTarget "ALL_BUILD" */;
			buildPhases = (
				BD2E440FD33D524A868C15F7 /* Generate CMakeFiles/ALL_BUILD */,
			);
			dependencies = (
				73BCEA843D2540FB9C31512F /* PBXTargetDependency */,
				71B9C49059D14CC6BF27553D /* PBXTargetDependency */,
			);
			name = ALL_BUILD;
			productName = ALL_BUILD;
		};
		96ED284DB74E181992C0EE13 /* ZERO_CHECK */ = {
			isa = PBXAggregateTarget;
			buildConfigurationList = 3FE7506EA98541E9B19109AD /* Build configuration list for PBXAggregateTarget "ZERO_CHECK" */;
			buildPhases = (
				1B0D92397E2070037C876CD7 /* Generate CMakeFiles/ZERO_CHECK */,
			);
			dependencies = (
			);
			name = ZERO_CHECK;
			productName = ZERO_CHECK;
		};
/* End PBXAggregateTarget section */

/* Begin PBXBuildFile section */
		01AB32BB64A34992B4DD4D98 /* /Users/admin/legion-stage-ios/libs/JUCE/modules/juce_data_structures/juce_data_structures.mm */ = {isa = PBXBuildFile; fileRef = 51389C50CC674D6DAFEE43B2 /* /Users/admin/legion-stage-ios/libs/JUCE/modules/juce_data_structures/juce_data_structures.mm */; };
		1290C7F1C6A749D19E7F94F8 /* /Users/admin/legion-stage-ios/libs/JUCE/modules/juce_core/juce_core_CompilationTime.cpp */ = {isa = PBXBuildFile; fileRef = 335DDCBFE75F4C97A9B658F7 /* /Users/admin/legion-stage-ios/libs/JUCE/modules/juce_core/juce_core_CompilationTime.cpp */; };
		2B8A524D927249D4B5072ABC /* /Users/admin/legion-stage-ios/libs/JUCE/modules/juce_core/juce_core.mm */ = {isa = PBXBuildFile; fileRef = 274365CA38154C949E107547 /* /Users/admin/legion-stage-ios/libs/JUCE/modules/juce_core/juce_core.mm */; };
		3980F092CDE940738ADA60D3 /* /Users/admin/legion-stage-ios/libs/JUCE/modules/juce_graphics/juce_graphics_Sheenbidi.c */ = {isa = PBXBuildFile; fileRef = 272DD77187564466911B992D /* /Users/admin/legion-stage-ios/libs/JUCE/modules/juce_graphics/juce_graphics_Sheenbidi.c */; };
		571E074AD4694ACE890DE1B1 /* /Users/admin/legion-stage-ios/libs/JUCE/modules/juce_graphics/juce_graphics.mm */ = {isa = PBXBuildFile; fileRef = A529700D813842E39EFCB646 /* /Users/admin/legion-stage-ios/libs/JUCE/modules/juce_graphics/juce_graphics.mm */; };
		62F9E08E8EE64981A11376E8 /* /Users/admin/legion-stage-ios/libs/JUCE/modules/juce_graphics/juce_graphics_Harfbuzz.cpp */ = {isa = PBXBuildFile; fileRef = C58EDFEA0FA44391BF3AE531 /* /Users/admin/legion-stage-ios/libs/JUCE/modules/juce_graphics/juce_graphics_Harfbuzz.cpp */; };
		7257C37ABE7E45AEAF53155A /* /Users/admin/legion-stage-ios/libs/JUCE/extras/Build/juceaide/CMakeLists.txt */ = {isa = PBXBuildFile; fileRef = 64198D7B542E4B1D9313E7FE /* /Users/admin/legion-stage-ios/libs/JUCE/extras/Build/juceaide/CMakeLists.txt */; };
		7C67E1A647474968AC1C0795 /* /Users/admin/legion-stage-ios/libs/JUCE/extras/Build/juceaide/Main.cpp */ = {isa = PBXBuildFile; fileRef = 4E9F00EBADB04DF6A678BC9E /* /Users/admin/legion-stage-ios/libs/JUCE/extras/Build/juceaide/Main.cpp */; };
		99278670B3E6474CABE7B063 /* /Users/admin/legion-stage-ios/libs/JUCE/extras/Build/juce_build_tools/juce_build_tools.cpp */ = {isa = PBXBuildFile; fileRef = EDF9B0D2C54F475D9678D7A2 /* /Users/admin/legion-stage-ios/libs/JUCE/extras/Build/juce_build_tools/juce_build_tools.cpp */; };
		B123CBF87D1F4E5A89C12B5E /* /Applications/Xcode.app/Contents/Developer/Platforms/MacOSX.platform/Developer/SDKs/MacOSX26.4.sdk/System/Library/Frameworks/IOKit.framework */ = {isa = PBXBuildFile; fileRef = FA6FC181325F43D5BDCA105B /* /Applications/Xcode.app/Contents/Developer/Platforms/MacOSX.platform/Developer/SDKs/MacOSX26.4.sdk/System/Library/Frameworks/IOKit.framework */; };
		C7EFCB726D0D4B0BB29FF41E /* /Users/admin/legion-stage-ios/libs/JUCE/modules/juce_events/juce_events.mm */ = {isa = PBXBuildFile; fileRef = F6B88A44C4564EE38EA096BF /* /Users/admin/legion-stage-ios/libs/JUCE/modules/juce_events/juce_events.mm */; };
		D32B1AFA24CD4501B77F81F6 /* /Users/admin/legion-stage-ios/libs/JUCE/modules/juce_gui_basics/juce_gui_basics.mm */ = {isa = PBXBuildFile; fileRef = D893AD89C7E348D9A5FD26F8 /* /Users/admin/legion-stage-ios/libs/JUCE/modules/juce_gui_basics/juce_gui_basics.mm */; };
		D94CF8E0000546858B172E5B /* /Applications/Xcode.app/Contents/Developer/Platforms/MacOSX.platform/Developer/SDKs/MacOSX26.4.sdk/System/Library/Frameworks/QuartzCore.framework */ = {isa = PBXBuildFile; fileRef = 6F420AFD34C4444E937DFAF7 /* /Applications/Xcode.app/Contents/Developer/Platforms/MacOSX.platform/Developer/SDKs/MacOSX26.4.sdk/System/Library/Frameworks/QuartzCore.framework */; };
		DDBE1C81CC7F49CC9B297D89 /* /Applications/Xcode.app/Contents/Developer/Platforms/MacOSX.platform/Developer/SDKs/MacOSX26.4.sdk/System/Library/Frameworks/Security.framework */ = {isa = PBXBuildFile; fileRef = C4CA111B3E234BA8B381980E /* /Applications/Xcode.app/Contents/Developer/Platforms/MacOSX.platform/Developer/SDKs/MacOSX26.4.sdk/System/Library/Frameworks/Security.framework */; };
		E1912D14627E49988AE6C829 /* /Applications/Xcode.app/Contents/Developer/Platforms/MacOSX.platform/Developer/SDKs/MacOSX26.4.sdk/System/Library/Frameworks/Foundation.framework */ = {isa = PBXBuildFile; fileRef = FA2387B41A904876BAF864C3 /* /Applications/Xcode.app/Contents/Developer/Platforms/MacOSX.platform/Developer/SDKs/MacOSX26.4.sdk/System/Library/Frameworks/Foundation.framework */; };
		EADE7734C7494FE79D02E9D9 /* /Applications/Xcode.app/Contents/Developer/Platforms/MacOSX.platform/Developer/SDKs/MacOSX26.4.sdk/System/Library/Frameworks/Cocoa.framework */ = {isa = PBXBuildFile; fileRef = A8049B1A32F343E7A51BFD02 /* /Applications/Xcode.app/Contents/Developer/Platforms/MacOSX.platform/Developer/SDKs/MacOSX26.4.sdk/System/Library/Frameworks/Cocoa.framework */; };
/* End PBXBuildFile section */

/* Begin PBXBuildStyle section */
		C03990AAE5CC434B883EF315 /* Custom */ = {
			isa = PBXBuildStyle;
			buildSettings = {
				COPY_PHASE_STRIP = NO;
			};
			name = Custom;
		};
/* End PBXBuildStyle section */

/* Begin PBXContainerItemProxy section */
		53536B94A2604823B826C99B /* PBXContainerItemProxy */ = {
			isa = PBXContainerItemProxy;
			containerPortal = 4D630CC0905945968F2B3B17 /* Project object */;
			proxyType = 1;
			remoteGlobalIDString = 96ED284DB74E181992C0EE13;
			remoteInfo = ZERO_CHECK;
		};
		7647BE48E7EF4770A75A5889 /* PBXContainerItemProxy */ = {
			isa = PBXContainerItemProxy;
			containerPortal = 4D630CC0905945968F2B3B17 /* Project object */;
			proxyType = 1;
			remoteGlobalIDString = 4BA5B18782BF219EE6472741;
			remoteInfo = ALL_BUILD;
		};
		A6227D3A088941B2884D4779 /* PBXContainerItemProxy */ = {
			isa = PBXContainerItemProxy;
			containerPortal = 4D630CC0905945968F2B3B17 /* Project object */;
			proxyType = 1;
			remoteGlobalIDString = CEE75BB69C85C9BCBA6ECC35;
			remoteInfo = juceaide;
		};
		CA482AFDDC0E4A289DE89E84 /* PBXContainerItemProxy */ = {
			isa = PBXContainerItemProxy;
			containerPortal = 4D630CC0905945968F2B3B17 /* Project object */;
			proxyType = 1;
			remoteGlobalIDString = 96ED284DB74E181992C0EE13;
			remoteInfo = ZERO_CHECK;
		};
/* End PBXContainerItemProxy section */

/* Begin PBXFileReference section */
		25207BE84A184B119C0BEB39 /* juceaide */ = {isa = PBXFileReference; explicitFileType = "compiled.mach-o.executable"; path = juceaide; sourceTree = BUILT_PRODUCTS_DIR; };
		272DD77187564466911B992D /* /Users/admin/legion-stage-ios/libs/JUCE/modules/juce_graphics/juce_graphics_Sheenbidi.c */ = {isa = PBXFileReference; explicitFileType = sourcecode.c.c; fileEncoding = 4; name = juce_graphics_Sheenbidi.c; path = modules/juce_graphics/juce_graphics_Sheenbidi.c; sourceTree = SOURCE_ROOT; };
		274365CA38154C949E107547 /* /Users/admin/legion-stage-ios/libs/JUCE/modules/juce_core/juce_core.mm */ = {isa = PBXFileReference; explicitFileType = sourcecode.cpp.objcpp; fileEncoding = 4; name = juce_core.mm; path = modules/juce_core/juce_core.mm; sourceTree = SOURCE_ROOT; };
		335DDCBFE75F4C97A9B658F7 /* /Users/admin/legion-stage-ios/libs/JUCE/modules/juce_core/juce_core_CompilationTime.cpp */ = {isa = PBXFileReference; explicitFileType = sourcecode.cpp.cpp; fileEncoding = 4; name = juce_core_CompilationTime.cpp; path = modules/juce_core/juce_core_CompilationTime.cpp; sourceTree = SOURCE_ROOT; };
		4E9F00EBADB04DF6A678BC9E /* /Users/admin/legion-stage-ios/libs/JUCE/extras/Build/juceaide/Main.cpp */ = {isa = PBXFileReference; explicitFileType = sourcecode.cpp.cpp; fileEncoding = 4; name = Main.cpp; path = extras/Build/juceaide/Main.cpp; sourceTree = SOURCE_ROOT; };
		51389C50CC674D6DAFEE43B2 /* /Users/admin/legion-stage-ios/libs/JUCE/modules/juce_data_structures/juce_data_structures.mm */ = {isa = PBXFileReference; explicitFileType = sourcecode.cpp.objcpp; fileEncoding = 4; name = juce_data_structures.mm; path = modules/juce_data_structures/juce_data_structures.mm; sourceTree = SOURCE_ROOT; };
		64198D7B542E4B1D9313E7FE /* /Users/admin/legion-stage-ios/libs/JUCE/extras/Build/juceaide/CMakeLists.txt */ = {isa = PBXFileReference; explicitFileType = sourcecode.text; fileEncoding = 4; name = CMakeLists.txt; path = extras/Build/juceaide/CMakeLists.txt; sourceTree = SOURCE_ROOT; };
		6F420AFD34C4444E937DFAF7 /* /Applications/Xcode.app/Contents/Developer/Platforms/MacOSX.platform/Developer/SDKs/MacOSX26.4.sdk/System/Library/Frameworks/QuartzCore.framework */ = {isa = PBXFileReference; fileEncoding = 4; lastKnownFileType = wrapper.framework; name = QuartzCore.framework; path = /Applications/Xcode.app/Contents/Developer/Platforms/MacOSX.platform/Developer/SDKs/MacOSX26.4.sdk/System/Library/Frameworks/QuartzCore.framework; sourceTree = "<absolute>"; };
		A529700D813842E39EFCB646 /* /Users/admin/legion-stage-ios/libs/JUCE/modules/juce_graphics/juce_graphics.mm */ = {isa = PBXFileReference; explicitFileType = sourcecode.cpp.objcpp; fileEncoding = 4; name = juce_graphics.mm; path = modules/juce_graphics/juce_graphics.mm; sourceTree = SOURCE_ROOT; };
		A8049B1A32F343E7A51BFD02 /* /Applications/Xcode.app/Contents/Developer/Platforms/MacOSX.platform/Developer/SDKs/MacOSX26.4.sdk/System/Library/Frameworks/Cocoa.framework */ = {isa = PBXFileReference; fileEncoding = 4; lastKnownFileType = wrapper.framework; name = Cocoa.framework; path = /Applications/Xcode.app/Contents/Developer/Platforms/MacOSX.platform/Developer/SDKs/MacOSX26.4.sdk/System/Library/Frameworks/Cocoa.framework; sourceTree = "<absolute>"; };
		B2C509297E1648A5A2C2E4F7 /* /Users/admin/legion-stage-ios/libs/JUCE/CMakeLists.txt */ = {isa = PBXFileReference; explicitFileType = sourcecode.text; fileEncoding = 4; name = CMakeLists.txt; path = CMakeLists.txt; sourceTree = SOURCE_ROOT; };
		C4CA111B3E234BA8B381980E /* /Applications/Xcode.app/Contents/Developer/Platforms/MacOSX.platform/Developer/SDKs/MacOSX26.4.sdk/System/Library/Frameworks/Security.framework */ = {isa = PBXFileReference; fileEncoding = 4; lastKnownFileType = wrapper.framework; name = Security.framework; path = /Applications/Xcode.app/Contents/Developer/Platforms/MacOSX.platform/Developer/SDKs/MacOSX26.4.sdk/System/Library/Frameworks/Security.framework; sourceTree = "<absolute>"; };
		C58EDFEA0FA44391BF3AE531 /* /Users/admin/legion-stage-ios/libs/JUCE/modules/juce_graphics/juce_graphics_Harfbuzz.cpp */ = {isa = PBXFileReference; explicitFileType = sourcecode.cpp.cpp; fileEncoding = 4; name = juce_graphics_Harfbuzz.cpp; path = modules/juce_graphics/juce_graphics_Harfbuzz.cpp; sourceTree = SOURCE_ROOT; };
		D893AD89C7E348D9A5FD26F8 /* /Users/admin/legion-stage-ios/libs/JUCE/modules/juce_gui_basics/juce_gui_basics.mm */ = {isa = PBXFileReference; explicitFileType = sourcecode.cpp.objcpp; fileEncoding = 4; name = juce_gui_basics.mm; path = modules/juce_gui_basics/juce_gui_basics.mm; sourceTree = SOURCE_ROOT; };
		EDF9B0D2C54F475D9678D7A2 /* /Users/admin/legion-stage-ios/libs/JUCE/extras/Build/juce_build_tools/juce_build_tools.cpp */ = {isa = PBXFileReference; explicitFileType = sourcecode.cpp.cpp; fileEncoding = 4; name = juce_build_tools.cpp; path = extras/Build/juce_build_tools/juce_build_tools.cpp; sourceTree = SOURCE_ROOT; };
		F6B88A44C4564EE38EA096BF /* /Users/admin/legion-stage-ios/libs/JUCE/modules/juce_events/juce_events.mm */ = {isa = PBXFileReference; explicitFileType = sourcecode.cpp.objcpp; fileEncoding = 4; name = juce_events.mm; path = modules/juce_events/juce_events.mm; sourceTree = SOURCE_ROOT; };
		FA2387B41A904876BAF864C3 /* /Applications/Xcode.app/Contents/Developer/Platforms/MacOSX.platform/Developer/SDKs/MacOSX26.4.sdk/System/Library/Frameworks/Foundation.framework */ = {isa = PBXFileReference; fileEncoding = 4; lastKnownFileType = wrapper.framework; name = Foundation.framework; path = /Applications/Xcode.app/Contents/Developer/Platforms/MacOSX.platform/Developer/SDKs/MacOSX26.4.sdk/System/Library/Frameworks/Foundation.framework; sourceTree = "<absolute>"; };
		FA6FC181325F43D5BDCA105B /* /Applications/Xcode.app/Contents/Developer/Platforms/MacOSX.platform/Developer/SDKs/MacOSX26.4.sdk/System/Library/Frameworks/IOKit.framework */ = {isa = PBXFileReference; fileEncoding = 4; lastKnownFileType = wrapper.framework; name = IOKit.framework; path = /Applications/Xcode.app/Contents/Developer/Platforms/MacOSX.platform/Developer/SDKs/MacOSX26.4.sdk/System/Library/Frameworks/IOKit.framework; sourceTree = "<absolute>"; };
/* End PBXFileReference section */

/* Begin PBXFrameworksBuildPhase section */
		1118BED9E075419C85E6E7E2 /* Frameworks */ = {
			isa = PBXFrameworksBuildPhase;
			buildActionMask = 2147483647;
			files = (
			);
			runOnlyForDeploymentPostprocessing = 0;
		};
/* End PBXFrameworksBuildPhase section */

/* Begin PBXGroup section */
		24A4FD30419F464CB5A22FDC /* juceaide */ = {
			isa = PBXGroup;
			children = (
				A15A5BA880754C3FA66428D2 /* Source Files */,
				64198D7B542E4B1D9313E7FE /* /Users/admin/legion-stage-ios/libs/JUCE/extras/Build/juceaide/CMakeLists.txt */,
			);
			name = juceaide;
			sourceTree = "<group>";
		};
		628AFA87A3274795AAA72616 /* CMake Rules */ = {
			isa = PBXGroup;
			children = (
			);
			name = "CMake Rules";
			sourceTree = "<group>";
		};
		68728C1792A74F0FBDED3D09 /* Resources */ = {
			isa = PBXGroup;
			children = (
			);
			name = Resources;
			sourceTree = "<group>";
		};
		71A0CDFA04D343249E7B2061 = {
			isa = PBXGroup;
			children = (
				83BE8AD0B59645CF8D236E33 /* ALL_BUILD */,
				24A4FD30419F464CB5A22FDC /* juceaide */,
				E55FCE16FEAF4DB297316137 /* Products */,
				C4E3333CE3B249FEB2C91200 /* Frameworks */,
				68728C1792A74F0FBDED3D09 /* Resources */,
			);
			sourceTree = "<group>";
		};
		83BE8AD0B59645CF8D236E33 /* ALL_BUILD */ = {
			isa = PBXGroup;
			children = (
				628AFA87A3274795AAA72616 /* CMake Rules */,
				B2C509297E1648A5A2C2E4F7 /* /Users/admin/legion-stage-ios/libs/JUCE/CMakeLists.txt */,
			);
			name = ALL_BUILD;
			sourceTree = "<group>";
		};
		A15A5BA880754C3FA66428D2 /* Source Files */ = {
			isa = PBXGroup;
			children = (
				EDF9B0D2C54F475D9678D7A2 /* /Users/admin/legion-stage-ios/libs/JUCE/extras/Build/juce_build_tools/juce_build_tools.cpp */,
				4E9F00EBADB04DF6A678BC9E /* /Users/admin/legion-stage-ios/libs/JUCE/extras/Build/juceaide/Main.cpp */,
				274365CA38154C949E107547 /* /Users/admin/legion-stage-ios/libs/JUCE/modules/juce_core/juce_core.mm */,
				335DDCBFE75F4C97A9B658F7 /* /Users/admin/legion-stage-ios/libs/JUCE/modules/juce_core/juce_core_CompilationTime.cpp */,
				51389C50CC674D6DAFEE43B2 /* /Users/admin/legion-stage-ios/libs/JUCE/modules/juce_data_structures/juce_data_structures.mm */,
				F6B88A44C4564EE38EA096BF /* /Users/admin/legion-stage-ios/libs/JUCE/modules/juce_events/juce_events.mm */,
				A529700D813842E39EFCB646 /* /Users/admin/legion-stage-ios/libs/JUCE/modules/juce_graphics/juce_graphics.mm */,
				C58EDFEA0FA44391BF3AE531 /* /Users/admin/legion-stage-ios/libs/JUCE/modules/juce_graphics/juce_graphics_Harfbuzz.cpp */,
				272DD77187564466911B992D /* /Users/admin/legion-stage-ios/libs/JUCE/modules/juce_graphics/juce_graphics_Sheenbidi.c */,
				D893AD89C7E348D9A5FD26F8 /* /Users/admin/legion-stage-ios/libs/JUCE/modules/juce_gui_basics/juce_gui_basics.mm */,
			);
			name = "Source Files";
			sourceTree = "<group>";
		};
		C4E3333CE3B249FEB2C91200 /* Frameworks */ = {
			isa = PBXGroup;
			children = (
				6F420AFD34C4444E937DFAF7 /* /Applications/Xcode.app/Contents/Developer/Platforms/MacOSX.platform/Developer/SDKs/MacOSX26.4.sdk/System/Library/Frameworks/QuartzCore.framework */,
				A8049B1A32F343E7A51BFD02 /* /Applications/Xcode.app/Contents/Developer/Platforms/MacOSX.platform/Developer/SDKs/MacOSX26.4.sdk/System/Library/Frameworks/Cocoa.framework */,
				FA2387B41A904876BAF864C3 /* /Applications/Xcode.app/Contents/Developer/Platforms/MacOSX.platform/Developer/SDKs/MacOSX26.4.sdk/System/Library/Frameworks/Foundation.framework */,
				FA6FC181325F43D5BDCA105B /* /Applications/Xcode.app/Contents/Developer/Platforms/MacOSX.platform/Developer/SDKs/MacOSX26.4.sdk/System/Library/Frameworks/IOKit.framework */,
				C4CA111B3E234BA8B381980E /* /Applications/Xcode.app/Contents/Developer/Platforms/MacOSX.platform/Developer/SDKs/MacOSX26.4.sdk/System/Library/Frameworks/Security.framework */,
			);
			name = Frameworks;
			sourceTree = "<group>";
		};
		E55FCE16FEAF4DB297316137 /* Products */ = {
			isa = PBXGroup;
			children = (
				25207BE84A184B119C0BEB39 /* juceaide */,
			);
			name = Products;
			sourceTree = "<group>";
		};
/* End PBXGroup section */

/* Begin PBXNativeTarget section */
		CEE75BB69C85C9BCBA6ECC35 /* juceaide */ = {
			isa = PBXNativeTarget;
			buildConfigurationList = 566B12F03C2E4C059158A568 /* Build configuration list for PBXNativeTarget "juceaide" */;
			buildPhases = (
				77C9B8E2380E4A4CB0FC397F /* Sources */,
				1118BED9E075419C85E6E7E2 /* Frameworks */,
			);
			buildRules = (
			);
			dependencies = (
				2D0A6F36D8634F3D82338C12 /* PBXTargetDependency */,
			);
			name = juceaide;
			productName = juceaide;
			productReference = 25207BE84A184B119C0BEB39 /* juceaide */;
			productType = "com.apple.product-type.tool";
		};
/* End PBXNativeTarget section */

/* Begin PBXProject section */
		4D630CC0905945968F2B3B17 /* Project object */ = {
			isa = PBXProject;
			attributes = {
				BuildIndependentTargetsInParallel = YES;
				LastUpgradeCheck = 2640;
			};
			buildConfigurationList = 07A92679BCF94924BB253860 /* Build configuration list for PBXProject "JUCE" */;
			buildSettings = {
			};
			buildStyles = (
				C03990AAE5CC434B883EF315 /* Custom */,
			);
			compatibilityVersion = "Xcode 3.2";
			hasScannedForEncodings = 0;
			mainGroup = 71A0CDFA04D343249E7B2061;
			projectDirPath = "/Users/admin/legion-stage-ios/libs/JUCE";
			projectRoot = "";
			targets = (
				4BA5B18782BF219EE6472741 /* ALL_BUILD */,
				3BF65D95EF25178CDC60AC89 /* install */,
				CEE75BB69C85C9BCBA6ECC35 /* juceaide */,
				96ED284DB74E181992C0EE13 /* ZERO_CHECK */,
			);
		};
/* End PBXProject section */

/* Begin PBXShellScriptBuildPhase section */
		1B0D92397E2070037C876CD7 /* Generate CMakeFiles/ZERO_CHECK */ = {
			isa = PBXShellScriptBuildPhase;
			alwaysOutOfDate = 1;
			buildActionMask = 2147483647;
			files = (
			);
			inputPaths = (
			);
			name = "Generate CMakeFiles/ZERO_CHECK";
			outputPaths = (
"/Users/admin/legion-stage-ios/build-ios/libs/JUCE/tools/CMakeFiles/ZERO_CHECK"			);
			runOnlyForDeploymentPostprocessing = 0;
			shellPath = /bin/sh;
			shellScript = "set -e
if test \"$CONFIGURATION\" = \"Custom\"; then :
  cd /Users/admin/legion-stage-ios/build-ios/libs/JUCE/tools
  make -f /Users/admin/legion-stage-ios/build-ios/libs/JUCE/tools/CMakeScripts/ReRunCMake.make
fi
";
			showEnvVarsInLog = 0;
		};
		3C0110FC8322DE7E50886E21 = {
			isa = PBXShellScriptBuildPhase;
			buildActionMask = 2147483647;
			files = (
			);
			inputPaths = (
			);
			outputPaths = (
			);
			runOnlyForDeploymentPostprocessing = 0;
			shellPath = /bin/sh;
			shellScript = "# shell script goes here
exit 0";
			showEnvVarsInLog = 0;
		};
		87AF4882E018677E2624B544 = {
			isa = PBXShellScriptBuildPhase;
			buildActionMask = 2147483647;
			files = (
			);
			inputPaths = (
			);
			outputPaths = (
			);
			runOnlyForDeploymentPostprocessing = 0;
			shellPath = /bin/sh;
			shellScript = "# shell script goes here
exit 0";
			showEnvVarsInLog = 0;
		};
		93426DA6A4AC2C2AC9CE883C /* CMake PostBuild Rules */ = {
			isa = PBXShellScriptBuildPhase;
			alwaysOutOfDate = 1;
			buildActionMask = 2147483647;
			files = (
			);
			inputPaths = (
			);
			name = "CMake PostBuild Rules";
			outputPaths = (
			);
			runOnlyForDeploymentPostprocessing = 0;
			shellPath = /bin/sh;
			shellScript = "set -e
if test \"$CONFIGURATION\" = \"Custom\"; then :
  cd /Users/admin/legion-stage-ios/build-ios/libs/JUCE/tools
  /opt/homebrew/bin/cmake -DBUILD_TYPE=$CONFIGURATION$EFFECTIVE_PLATFORM_NAME -P cmake_install.cmake
fi
";
			showEnvVarsInLog = 0;
		};
		9B50530E35CC49C82C2FACCF = {
			isa = PBXShellScriptBuildPhase;
			buildActionMask = 2147483647;
			files = (
			);
			inputPaths = (
			);
			outputPaths = (
			);
			runOnlyForDeploymentPostprocessing = 0;
			shellPath = /bin/sh;
			shellScript = "# shell script goes here
exit 0";
			showEnvVarsInLog = 0;
		};
		BD2E440FD33D524A868C15F7 /* Generate CMakeFiles/ALL_BUILD */ = {
			isa = PBXShellScriptBuildPhase;
			alwaysOutOfDate = 1;
			buildActionMask = 2147483647;
			files = (
			);
			inputPaths = (
			);
			name = "Generate CMakeFiles/ALL_BUILD";
			outputPaths = (
"/Users/admin/legion-stage-ios/build-ios/libs/JUCE/tools/CMakeFiles/ALL_BUILD"			);
			runOnlyForDeploymentPostprocessing = 0;
			shellPath = /bin/sh;
			shellScript = "set -e
if test \"$CONFIGURATION\" = \"Custom\"; then :
  cd /Users/admin/legion-stage-ios/build-ios/libs/JUCE/tools
  echo Build\\ all\\ projects
fi
";
			showEnvVarsInLog = 0;
		};
/* End PBXShellScriptBuildPhase section */

/* Begin PBXSourcesBuildPhase section */
		77C9B8E2380E4A4CB0FC397F /* Sources */ = {
			isa = PBXSourcesBuildPhase;
			buildActionMask = 2147483647;
			files = (
				99278670B3E6474CABE7B063 /* /Users/admin/legion-stage-ios/libs/JUCE/extras/Build/juce_build_tools/juce_build_tools.cpp */,
				7C67E1A647474968AC1C0795 /* /Users/admin/legion-stage-ios/libs/JUCE/extras/Build/juceaide/Main.cpp */,
				2B8A524D927249D4B5072ABC /* /Users/admin/legion-stage-ios/libs/JUCE/modules/juce_core/juce_core.mm */,
				1290C7F1C6A749D19E7F94F8 /* /Users/admin/legion-stage-ios/libs/JUCE/modules/juce_core/juce_core_CompilationTime.cpp */,
				01AB32BB64A34992B4DD4D98 /* /Users/admin/legion-stage-ios/libs/JUCE/modules/juce_data_structures/juce_data_structures.mm */,
				C7EFCB726D0D4B0BB29FF41E /* /Users/admin/legion-stage-ios/libs/JUCE/modules/juce_events/juce_events.mm */,
				571E074AD4694ACE890DE1B1 /* /Users/admin/legion-stage-ios/libs/JUCE/modules/juce_graphics/juce_graphics.mm */,
				62F9E08E8EE64981A11376E8 /* /Users/admin/legion-stage-ios/libs/JUCE/modules/juce_graphics/juce_graphics_Harfbuzz.cpp */,
				3980F092CDE940738ADA60D3 /* /Users/admin/legion-stage-ios/libs/JUCE/modules/juce_graphics/juce_graphics_Sheenbidi.c */,
				D32B1AFA24CD4501B77F81F6 /* /Users/admin/legion-stage-ios/libs/JUCE/modules/juce_gui_basics/juce_gui_basics.mm */,
			);
			runOnlyForDeploymentPostprocessing = 0;
		};
/* End PBXSourcesBuildPhase section */

/* Begin PBXTargetDependency section */
		2D0A6F36D8634F3D82338C12 /* PBXTargetDependency */ = {
			isa = PBXTargetDependency;
			target = 96ED284DB74E181992C0EE13 /* ZERO_CHECK */;
			targetProxy = 53536B94A2604823B826C99B /* PBXContainerItemProxy */;
		};
		6C338FFD3E9745659017C7C4 /* PBXTargetDependency */ = {
			isa = PBXTargetDependency;
			target = 4BA5B18782BF219EE6472741 /* ALL_BUILD */;
			targetProxy = 7647BE48E7EF4770A75A5889 /* PBXContainerItemProxy */;
		};
		71B9C49059D14CC6BF27553D /* PBXTargetDependency */ = {
			isa = PBXTargetDependency;
			target = CEE75BB69C85C9BCBA6ECC35 /* juceaide */;
			targetProxy = A6227D3A088941B2884D4779 /* PBXContainerItemProxy */;
		};
		73BCEA843D2540FB9C31512F /* PBXTargetDependency */ = {
			isa = PBXTargetDependency;
			target = 96ED284DB74E181992C0EE13 /* ZERO_CHECK */;
			targetProxy = CA482AFDDC0E4A289DE89E84 /* PBXContainerItemProxy */;
		};
/* End PBXTargetDependency section */

/* Begin XCBuildConfiguration section */
		5A8C466BA3BD4BDCA263C3AD /* Custom */ = {
			isa = XCBuildConfiguration;
			buildSettings = {
				ARCHS = arm64;
				MACOSX_DEPLOYMENT_TARGET = 16.0;
				SDKROOT = "";
				SWIFT_COMPILATION_MODE = wholemodule;
				SYMROOT = "/Users/admin/legion-stage-ios/build-ios/libs/JUCE/tools/build";
			};
			name = Custom;
		};
		94DAC48C53B2448C903157CA /* Custom */ = {
			isa = XCBuildConfiguration;
			buildSettings = {
				ALWAYS_SEARCH_USER_PATHS = NO;
				ARCHS = arm64;
				COMBINE_HIDPI_IMAGES = YES;
				CONFIGURATION_BUILD_DIR = "/Users/admin/legion-stage-ios/build-ios/libs/JUCE/tools/extras/Build/juceaide/juceaide_artefacts/Custom";
				EXECUTABLE_PREFIX = "";
				EXECUTABLE_SUFFIX = "";
				GCC_GENERATE_DEBUGGING_SYMBOLS = NO;
				GCC_INLINES_ARE_PRIVATE_EXTERN = NO;
				GCC_OPTIMIZATION_LEVEL = 0;
				GCC_PREPROCESSOR_DEFINITIONS = ("'CMAKE_INTDIR=\"$(CONFIGURATION)$(EFFECTIVE_PLATFORM_NAME)\"'","'JUCE_STANDALONE_APPLICATION=1'","'JUCE_DISABLE_JUCE_VERSION_PRINTING=1'","'JUCE_USE_CURL=0'","'JUCE_SILENCE_XCODE_15_LINKER_WARNING=1'","'JUCE_MODULE_AVAILABLE_juce_build_tools=1'","'JUCE_MODULE_AVAILABLE_juce_gui_basics=1'","'JUCE_MODULE_AVAILABLE_juce_graphics=1'","'JUCE_MODULE_AVAILABLE_juce_events=1'","'JUCE_GLOBAL_MODULE_SETTINGS_INCLUDED=1'","'NDEBUG=1'","'_NDEBUG=1'","'JUCE_MODULE_AVAILABLE_juce_core=1'","'JUCE_MODULE_AVAILABLE_juce_data_structures=1'","$(inherited)");
				GCC_SYMBOLS_PRIVATE_EXTERN = NO;
				HEADER_SEARCH_PATHS = ("/Users/admin/legion-stage-ios/build-ios/libs/JUCE/tools/extras/Build/juceaide/juceaide_artefacts/JuceLibraryCode","/Users/admin/legion-stage-ios/libs/JUCE/extras/Build","/Users/admin/legion-stage-ios/libs/JUCE/modules","$(inherited)");
				INSTALL_PATH = "";
				ONLY_ACTIVE_ARCH = NO;
				OTHER_CFLAGS = ("-Wall -Wshadow-all -Wshorten-64-to-32 -Wstrict-aliasing -Wuninitialized -Wunused-parameter -Wconversion -Wsign-compare -Wint-conversion -Wconditional-uninitialized -Wconstant-conversion -Wsign-conversion -Wbool-conversion -Wextra-semi -Wunreachable-code -Wcast-align -Wshift-sign-overflow -Wmissing-prototypes -Wnullable-to-nonnull-conversion -Wno-ignored-qualifiers -Wswitch-enum -Wpedantic -Wdeprecated -Wfloat-equal -Wmissing-field-initializers ","$(inherited)");
				OTHER_CPLUSPLUSFLAGS = "'-std=c++17' -Wall -Wshadow-all -Wshorten-64-to-32 -Wstrict-aliasing -Wuninitialized -Wunused-parameter -Wconversion -Wsign-compare -Wint-conversion -Wconditional-uninitialized -Wconstant-conversion -Wsign-conversion -Wbool-conversion -Wextra-semi -Wunreachable-code -Wcast-align -Wshift-sign-overflow -Wmissing-prototypes -Wnullable-to-nonnull-conversion -Wno-ignored-qualifiers -Wswitch-enum -Wpedantic -Wdeprecated -Wfloat-equal -Wmissing-field-initializers -Wzero-as-null-pointer-constant -Wunused-private-field -Woverloaded-virtual -Wreorder -Winconsistent-missing-destructor-override ";
				OTHER_LDFLAGS = (" -Wl,-search_paths_first -Wl,-headerpad_max_install_names","-weak_framework Metal","-weak_framework MetalKit","-framework QuartzCore","-framework Cocoa","-framework Foundation","-framework IOKit","-framework Security","$(inherited)");
				OTHER_REZFLAGS = "";
				PRODUCT_NAME = juceaide;
				SECTORDER_FLAGS = "";
				TARGET_TEMP_DIR = "/Users/admin/legion-stage-ios/build-ios/libs/JUCE/tools/build/juceaide.build/$(CONFIGURATION)$(EFFECTIVE_PLATFORM_NAME)";
				USE_HEADERMAP = NO;
				WARNING_CFLAGS = ("$(inherited)");
			};
			name = Custom;
		};
		9AF55B6D1E0D4D00A85ADC07 /* Custom */ = {
			isa = XCBuildConfiguration;
			buildSettings = {
				ALWAYS_SEARCH_USER_PATHS = NO;
				ARCHS = arm64;
				COMBINE_HIDPI_IMAGES = YES;
				GCC_GENERATE_DEBUGGING_SYMBOLS = YES;
				GCC_INLINES_ARE_PRIVATE_EXTERN = NO;
				GCC_OPTIMIZATION_LEVEL = 0;
				GCC_PREPROCESSOR_DEFINITIONS = ("'CMAKE_INTDIR=\"$(CONFIGURATION)$(EFFECTIVE_PLATFORM_NAME)\"'","$(inherited)");
				GCC_SYMBOLS_PRIVATE_EXTERN = NO;
				INSTALL_PATH = "";
				ONLY_ACTIVE_ARCH = NO;
				OTHER_LDFLAGS = ("","$(inherited)");
				OTHER_REZFLAGS = "";
				PRODUCT_NAME = ALL_BUILD;
				SECTORDER_FLAGS = "";
				USE_HEADERMAP = NO;
				WARNING_CFLAGS = ("$(inherited)");
			};
			name = Custom;
		};
		C0E020DD3D644904883F9F45 /* Custom */ = {
			isa = XCBuildConfiguration;
			buildSettings = {
				ALWAYS_SEARCH_USER_PATHS = NO;
				ARCHS = arm64;
				COMBINE_HIDPI_IMAGES = YES;
				GCC_GENERATE_DEBUGGING_SYMBOLS = YES;
				GCC_INLINES_ARE_PRIVATE_EXTERN = NO;
				GCC_OPTIMIZATION_LEVEL = 0;
				GCC_PREPROCESSOR_DEFINITIONS = ("'CMAKE_INTDIR=\"$(CONFIGURATION)$(EFFECTIVE_PLATFORM_NAME)\"'","$(inherited)");
				GCC_SYMBOLS_PRIVATE_EXTERN = NO;
				INSTALL_PATH = "";
				ONLY_ACTIVE_ARCH = NO;
				OTHER_LDFLAGS = ("","$(inherited)");
				OTHER_REZFLAGS = "";
				PRODUCT_NAME = install;
				SECTORDER_FLAGS = "";
				USE_HEADERMAP = NO;
				WARNING_CFLAGS = ("$(inherited)");
			};
			name = Custom;
		};
		EF4F846DEB67498F96E08210 /* Custom */ = {
			isa = XCBuildConfiguration;
			buildSettings = {
				ALWAYS_SEARCH_USER_PATHS = NO;
				ARCHS = arm64;
				COMBINE_HIDPI_IMAGES = YES;
				GCC_GENERATE_DEBUGGING_SYMBOLS = YES;
				GCC_INLINES_ARE_PRIVATE_EXTERN = NO;
				GCC_OPTIMIZATION_LEVEL = 0;
				GCC_PREPROCESSOR_DEFINITIONS = ("'CMAKE_INTDIR=\"$(CONFIGURATION)$(EFFECTIVE_PLATFORM_NAME)\"'","$(inherited)");
				GCC_SYMBOLS_PRIVATE_EXTERN = NO;
				INSTALL_PATH = "";
				ONLY_ACTIVE_ARCH = NO;
				OTHER_LDFLAGS = ("","$(inherited)");
				OTHER_REZFLAGS = "";
				PRODUCT_NAME = ZERO_CHECK;
				SECTORDER_FLAGS = "";
				USE_HEADERMAP = NO;
				WARNING_CFLAGS = ("$(inherited)");
			};
			name = Custom;
		};
/* End XCBuildConfiguration section */

/* Begin XCConfigurationList section */
		07A92679BCF94924BB253860 /* Build configuration list for PBXProject "JUCE" */ = {
			isa = XCConfigurationList;
			buildConfigurations = (
				5A8C466BA3BD4BDCA263C3AD /* Custom */,
			);
			defaultConfigurationIsVisible = 0;
			defaultConfigurationName = Custom;
		};
		3FE7506EA98541E9B19109AD /* Build configuration list for PBXAggregateTarget "ZERO_CHECK" */ = {
			isa = XCConfigurationList;
			buildConfigurations = (
				EF4F846DEB67498F96E08210 /* Custom */,
			);
			defaultConfigurationIsVisible = 0;
			defaultConfigurationName = Custom;
		};
		5409D94250E94049A08F84BD /* Build configuration list for PBXAggregateTarget "install" */ = {
			isa = XCConfigurationList;
			buildConfigurations = (
				C0E020DD3D644904883F9F45 /* Custom */,
			);
			defaultConfigurationIsVisible = 0;
			defaultConfigurationName = Custom;
		};
		566B12F03C2E4C059158A568 /* Build configuration list for PBXNativeTarget "juceaide" */ = {
			isa = XCConfigurationList;
			buildConfigurations = (
				94DAC48C53B2448C903157CA /* Custom */,
			);
			defaultConfigurationIsVisible = 0;
			defaultConfigurationName = Custom;
		};
		EF67D742C3F348368C2B303E /* Build configuration list for PBXAggregateTarget "ALL_BUILD" */ = {
			isa = XCConfigurationList;
			buildConfigurations = (
				9AF55B6D1E0D4D00A85ADC07 /* Custom */,
			);
			defaultConfigurationIsVisible = 0;
			defaultConfigurationName = Custom;
		};
/* End XCConfigurationList section */
	};
	rootObject = 4D630CC0905945968F2B3B17 /* Project object */;
}
