// !$*UTF8*$!
{
	archiveVersion = 1;
	classes = {
	};
	objectVersion = 46;
	objects = {

/* Begin PBXAggregateTarget section */
		3ED2EC20EA82D377BD80EA59 /* ZERO_CHECK */ = {
			isa = PBXAggregateTarget;
			buildConfigurationList = 58BC1839A49D4525907B756C /* Build configuration list for PBXAggregateTarget "ZERO_CHECK" */;
			buildPhases = (
				9BBAFCBBC204A0073CDB1554 /* Generate CMakeFiles/ZERO_CHECK */,
			);
			dependencies = (
			);
			name = ZERO_CHECK;
			productName = ZERO_CHECK;
		};
		9CD1659D9A65EC37507C05B4 /* install */ = {
			isa = PBXAggregateTarget;
			buildConfigurationList = BC281F2B7D2F4794BB7C5B72 /* Build configuration list for PBXAggregateTarget "install" */;
			buildPhases = (
				93426DA6A4AC2C2AC9CE883C /* CMake PostBuild Rules */,
			);
			dependencies = (
				C19447A04412456B801F9B26 /* PBXTargetDependency */,
			);
			name = install;
			productName = install;
		};
		C5A58651CED07EEC39B6D336 /* ALL_BUILD */ = {
			isa = PBXAggregateTarget;
			buildConfigurationList = 2060BF374DB04DEE9558C44B /* Build configuration list for PBXAggregateTarget "ALL_BUILD" */;
			buildPhases = (
				D42D0CED66E1EC89837D3337 /* Generate CMakeFiles/ALL_BUILD */,
			);
			dependencies = (
				1D6287EF5BC64580AE0D72F4 /* PBXTargetDependency */,
				97B14730B8F646E59D9759B5 /* PBXTargetDependency */,
			);
			name = ALL_BUILD;
			productName = ALL_BUILD;
		};
/* End PBXAggregateTarget section */

/* Begin PBXBuildFile section */
		033DB2D043BA4F909E0A0A67 /* /Users/admin/legion-stage-ios/libs/JUCE/modules/juce_graphics/juce_graphics.mm */ = {isa = PBXBuildFile; fileRef = 6100D06F09C249A18D458AEE /* /Users/admin/legion-stage-ios/libs/JUCE/modules/juce_graphics/juce_graphics.mm */; };
		1FE91700129F45A18CD28A78 /* /Users/admin/legion-stage-ios/libs/JUCE/modules/juce_events/juce_events.mm */ = {isa = PBXBuildFile; fileRef = 46EA240D26494A47993D0321 /* /Users/admin/legion-stage-ios/libs/JUCE/modules/juce_events/juce_events.mm */; };
		225CAAEEF4104A32858881D1 /* /Applications/Xcode.app/Contents/Developer/Platforms/MacOSX.platform/Developer/SDKs/MacOSX26.4.sdk/System/Library/Frameworks/IOKit.framework */ = {isa = PBXBuildFile; fileRef = A72EE9613B164E0E8C3E9225 /* /Applications/Xcode.app/Contents/Developer/Platforms/MacOSX.platform/Developer/SDKs/MacOSX26.4.sdk/System/Library/Frameworks/IOKit.framework */; };
		278046F2FF36400D8F348E83 /* /Users/admin/legion-stage-ios/libs/JUCE/extras/Build/juce_build_tools/juce_build_tools.cpp */ = {isa = PBXBuildFile; fileRef = 5DE6618CD8B44BBB81901487 /* /Users/admin/legion-stage-ios/libs/JUCE/extras/Build/juce_build_tools/juce_build_tools.cpp */; };
		3088CE9187CB45BB9BCF6926 /* /Applications/Xcode.app/Contents/Developer/Platforms/MacOSX.platform/Developer/SDKs/MacOSX26.4.sdk/System/Library/Frameworks/Foundation.framework */ = {isa = PBXBuildFile; fileRef = 90375554FAE943D9AE3834E9 /* /Applications/Xcode.app/Contents/Developer/Platforms/MacOSX.platform/Developer/SDKs/MacOSX26.4.sdk/System/Library/Frameworks/Foundation.framework */; };
		441AA192ECE7413E87876D9A /* /Users/admin/legion-stage-ios/libs/JUCE/modules/juce_core/juce_core_CompilationTime.cpp */ = {isa = PBXBuildFile; fileRef = 6D9DC7140B7748EB8EF2BDB4 /* /Users/admin/legion-stage-ios/libs/JUCE/modules/juce_core/juce_core_CompilationTime.cpp */; };
		49369A65E52F44308469BA24 /* /Users/admin/legion-stage-ios/libs/JUCE/extras/Build/juceaide/CMakeLists.txt */ = {isa = PBXBuildFile; fileRef = 428345AE556C4A2BB7A7D9A0 /* /Users/admin/legion-stage-ios/libs/JUCE/extras/Build/juceaide/CMakeLists.txt */; };
		73C327EFB93249CC91B303F3 /* /Users/admin/legion-stage-ios/libs/JUCE/modules/juce_graphics/juce_graphics_Sheenbidi.c */ = {isa = PBXBuildFile; fileRef = DFE2F7A07F3A4F159E9E4A0F /* /Users/admin/legion-stage-ios/libs/JUCE/modules/juce_graphics/juce_graphics_Sheenbidi.c */; };
		745B109AD2B7468FB034EAA2 /* /Users/admin/legion-stage-ios/libs/JUCE/modules/juce_data_structures/juce_data_structures.mm */ = {isa = PBXBuildFile; fileRef = AABF621399BC445683582A6F /* /Users/admin/legion-stage-ios/libs/JUCE/modules/juce_data_structures/juce_data_structures.mm */; };
		97FAB4513BAE4E3080BE09DB /* /Users/admin/legion-stage-ios/libs/JUCE/extras/Build/juceaide/Main.cpp */ = {isa = PBXBuildFile; fileRef = 9D467572FCB0460BADA64788 /* /Users/admin/legion-stage-ios/libs/JUCE/extras/Build/juceaide/Main.cpp */; };
		A41D75C2B2DB44A1B13EA17D /* /Applications/Xcode.app/Contents/Developer/Platforms/MacOSX.platform/Developer/SDKs/MacOSX26.4.sdk/System/Library/Frameworks/QuartzCore.framework */ = {isa = PBXBuildFile; fileRef = 79F639D6D49244B689AD566B /* /Applications/Xcode.app/Contents/Developer/Platforms/MacOSX.platform/Developer/SDKs/MacOSX26.4.sdk/System/Library/Frameworks/QuartzCore.framework */; };
		A499B65956454A86BCB09F7E /* /Users/admin/legion-stage-ios/libs/JUCE/modules/juce_core/juce_core.mm */ = {isa = PBXBuildFile; fileRef = A8BF186FF8E843239ED20758 /* /Users/admin/legion-stage-ios/libs/JUCE/modules/juce_core/juce_core.mm */; };
		D65717ABFE684DBDBFE3BC96 /* /Users/admin/legion-stage-ios/libs/JUCE/modules/juce_gui_basics/juce_gui_basics.mm */ = {isa = PBXBuildFile; fileRef = E0651EE0A6BB41B889B4951E /* /Users/admin/legion-stage-ios/libs/JUCE/modules/juce_gui_basics/juce_gui_basics.mm */; };
		DC6A1F5EBF2A4809AAE54BC7 /* /Applications/Xcode.app/Contents/Developer/Platforms/MacOSX.platform/Developer/SDKs/MacOSX26.4.sdk/System/Library/Frameworks/Security.framework */ = {isa = PBXBuildFile; fileRef = 2EC889BD52A64E89AB3F6E8D /* /Applications/Xcode.app/Contents/Developer/Platforms/MacOSX.platform/Developer/SDKs/MacOSX26.4.sdk/System/Library/Frameworks/Security.framework */; };
		DF7AC80040884E08B9FDF52B /* /Applications/Xcode.app/Contents/Developer/Platforms/MacOSX.platform/Developer/SDKs/MacOSX26.4.sdk/System/Library/Frameworks/Cocoa.framework */ = {isa = PBXBuildFile; fileRef = CD1D50D27D7242DB961BECD5 /* /Applications/Xcode.app/Contents/Developer/Platforms/MacOSX.platform/Developer/SDKs/MacOSX26.4.sdk/System/Library/Frameworks/Cocoa.framework */; };
		F113FEF6D3874E78A6ED4D44 /* /Users/admin/legion-stage-ios/libs/JUCE/modules/juce_graphics/juce_graphics_Harfbuzz.cpp */ = {isa = PBXBuildFile; fileRef = 8CD48771C8244621BB81ECD5 /* /Users/admin/legion-stage-ios/libs/JUCE/modules/juce_graphics/juce_graphics_Harfbuzz.cpp */; };
/* End PBXBuildFile section */

/* Begin PBXBuildStyle section */
		B7C908FC7E284BE2A6F97D32 /* Custom */ = {
			isa = PBXBuildStyle;
			buildSettings = {
				COPY_PHASE_STRIP = NO;
			};
			name = Custom;
		};
/* End PBXBuildStyle section */

/* Begin PBXContainerItemProxy section */
		1C5AE021850F4C708947EBAA /* PBXContainerItemProxy */ = {
			isa = PBXContainerItemProxy;
			containerPortal = C34A23035B7A4A6E9FD26046 /* Project object */;
			proxyType = 1;
			remoteGlobalIDString = 3ED2EC20EA82D377BD80EA59;
			remoteInfo = ZERO_CHECK;
		};
		4F8FBF8213BF40CE9F12701C /* PBXContainerItemProxy */ = {
			isa = PBXContainerItemProxy;
			containerPortal = C34A23035B7A4A6E9FD26046 /* Project object */;
			proxyType = 1;
			remoteGlobalIDString = C5A58651CED07EEC39B6D336;
			remoteInfo = ALL_BUILD;
		};
		85ACCA3B33D34DFABBE1F52F /* PBXContainerItemProxy */ = {
			isa = PBXContainerItemProxy;
			containerPortal = C34A23035B7A4A6E9FD26046 /* Project object */;
			proxyType = 1;
			remoteGlobalIDString = 3ED2EC20EA82D377BD80EA59;
			remoteInfo = ZERO_CHECK;
		};
		AE0A2726D4014B9385305304 /* PBXContainerItemProxy */ = {
			isa = PBXContainerItemProxy;
			containerPortal = C34A23035B7A4A6E9FD26046 /* Project object */;
			proxyType = 1;
			remoteGlobalIDString = CEE75BB69C85C9BCBA6ECC35;
			remoteInfo = juceaide;
		};
/* End PBXContainerItemProxy section */

/* Begin PBXFileReference section */
		2EC889BD52A64E89AB3F6E8D /* /Applications/Xcode.app/Contents/Developer/Platforms/MacOSX.platform/Developer/SDKs/MacOSX26.4.sdk/System/Library/Frameworks/Security.framework */ = {isa = PBXFileReference; fileEncoding = 4; lastKnownFileType = wrapper.framework; name = Security.framework; path = /Applications/Xcode.app/Contents/Developer/Platforms/MacOSX.platform/Developer/SDKs/MacOSX26.4.sdk/System/Library/Frameworks/Security.framework; sourceTree = "<absolute>"; };
		428345AE556C4A2BB7A7D9A0 /* /Users/admin/legion-stage-ios/libs/JUCE/extras/Build/juceaide/CMakeLists.txt */ = {isa = PBXFileReference; explicitFileType = sourcecode.text; fileEncoding = 4; name = CMakeLists.txt; path = extras/Build/juceaide/CMakeLists.txt; sourceTree = SOURCE_ROOT; };
		46EA240D26494A47993D0321 /* /Users/admin/legion-stage-ios/libs/JUCE/modules/juce_events/juce_events.mm */ = {isa = PBXFileReference; explicitFileType = sourcecode.cpp.objcpp; fileEncoding = 4; name = juce_events.mm; path = modules/juce_events/juce_events.mm; sourceTree = SOURCE_ROOT; };
		5DE6618CD8B44BBB81901487 /* /Users/admin/legion-stage-ios/libs/JUCE/extras/Build/juce_build_tools/juce_build_tools.cpp */ = {isa = PBXFileReference; explicitFileType = sourcecode.cpp.cpp; fileEncoding = 4; name = juce_build_tools.cpp; path = extras/Build/juce_build_tools/juce_build_tools.cpp; sourceTree = SOURCE_ROOT; };
		6100D06F09C249A18D458AEE /* /Users/admin/legion-stage-ios/libs/JUCE/modules/juce_graphics/juce_graphics.mm */ = {isa = PBXFileReference; explicitFileType = sourcecode.cpp.objcpp; fileEncoding = 4; name = juce_graphics.mm; path = modules/juce_graphics/juce_graphics.mm; sourceTree = SOURCE_ROOT; };
		695C8D3239F642908BB117E5 /* /Users/admin/legion-stage-ios/libs/JUCE/CMakeLists.txt */ = {isa = PBXFileReference; explicitFileType = sourcecode.text; fileEncoding = 4; name = CMakeLists.txt; path = CMakeLists.txt; sourceTree = SOURCE_ROOT; };
		6D9DC7140B7748EB8EF2BDB4 /* /Users/admin/legion-stage-ios/libs/JUCE/modules/juce_core/juce_core_CompilationTime.cpp */ = {isa = PBXFileReference; explicitFileType = sourcecode.cpp.cpp; fileEncoding = 4; name = juce_core_CompilationTime.cpp; path = modules/juce_core/juce_core_CompilationTime.cpp; sourceTree = SOURCE_ROOT; };
		79F639D6D49244B689AD566B /* /Applications/Xcode.app/Contents/Developer/Platforms/MacOSX.platform/Developer/SDKs/MacOSX26.4.sdk/System/Library/Frameworks/QuartzCore.framework */ = {isa = PBXFileReference; fileEncoding = 4; lastKnownFileType = wrapper.framework; name = QuartzCore.framework; path = /Applications/Xcode.app/Contents/Developer/Platforms/MacOSX.platform/Developer/SDKs/MacOSX26.4.sdk/System/Library/Frameworks/QuartzCore.framework; sourceTree = "<absolute>"; };
		8CD48771C8244621BB81ECD5 /* /Users/admin/legion-stage-ios/libs/JUCE/modules/juce_graphics/juce_graphics_Harfbuzz.cpp */ = {isa = PBXFileReference; explicitFileType = sourcecode.cpp.cpp; fileEncoding = 4; name = juce_graphics_Harfbuzz.cpp; path = modules/juce_graphics/juce_graphics_Harfbuzz.cpp; sourceTree = SOURCE_ROOT; };
		90375554FAE943D9AE3834E9 /* /Applications/Xcode.app/Contents/Developer/Platforms/MacOSX.platform/Developer/SDKs/MacOSX26.4.sdk/System/Library/Frameworks/Foundation.framework */ = {isa = PBXFileReference; fileEncoding = 4; lastKnownFileType = wrapper.framework; name = Foundation.framework; path = /Applications/Xcode.app/Contents/Developer/Platforms/MacOSX.platform/Developer/SDKs/MacOSX26.4.sdk/System/Library/Frameworks/Foundation.framework; sourceTree = "<absolute>"; };
		97AC6F28D78E4168A5B4D136 /* juceaide */ = {isa = PBXFileReference; explicitFileType = "compiled.mach-o.executable"; path = juceaide; sourceTree = BUILT_PRODUCTS_DIR; };
		9D467572FCB0460BADA64788 /* /Users/admin/legion-stage-ios/libs/JUCE/extras/Build/juceaide/Main.cpp */ = {isa = PBXFileReference; explicitFileType = sourcecode.cpp.cpp; fileEncoding = 4; name = Main.cpp; path = extras/Build/juceaide/Main.cpp; sourceTree = SOURCE_ROOT; };
		A72EE9613B164E0E8C3E9225 /* /Applications/Xcode.app/Contents/Developer/Platforms/MacOSX.platform/Developer/SDKs/MacOSX26.4.sdk/System/Library/Frameworks/IOKit.framework */ = {isa = PBXFileReference; fileEncoding = 4; lastKnownFileType = wrapper.framework; name = IOKit.framework; path = /Applications/Xcode.app/Contents/Developer/Platforms/MacOSX.platform/Developer/SDKs/MacOSX26.4.sdk/System/Library/Frameworks/IOKit.framework; sourceTree = "<absolute>"; };
		A8BF186FF8E843239ED20758 /* /Users/admin/legion-stage-ios/libs/JUCE/modules/juce_core/juce_core.mm */ = {isa = PBXFileReference; explicitFileType = sourcecode.cpp.objcpp; fileEncoding = 4; name = juce_core.mm; path = modules/juce_core/juce_core.mm; sourceTree = SOURCE_ROOT; };
		AABF621399BC445683582A6F /* /Users/admin/legion-stage-ios/libs/JUCE/modules/juce_data_structures/juce_data_structures.mm */ = {isa = PBXFileReference; explicitFileType = sourcecode.cpp.objcpp; fileEncoding = 4; name = juce_data_structures.mm; path = modules/juce_data_structures/juce_data_structures.mm; sourceTree = SOURCE_ROOT; };
		CD1D50D27D7242DB961BECD5 /* /Applications/Xcode.app/Contents/Developer/Platforms/MacOSX.platform/Developer/SDKs/MacOSX26.4.sdk/System/Library/Frameworks/Cocoa.framework */ = {isa = PBXFileReference; fileEncoding = 4; lastKnownFileType = wrapper.framework; name = Cocoa.framework; path = /Applications/Xcode.app/Contents/Developer/Platforms/MacOSX.platform/Developer/SDKs/MacOSX26.4.sdk/System/Library/Frameworks/Cocoa.framework; sourceTree = "<absolute>"; };
		DFE2F7A07F3A4F159E9E4A0F /* /Users/admin/legion-stage-ios/libs/JUCE/modules/juce_graphics/juce_graphics_Sheenbidi.c */ = {isa = PBXFileReference; explicitFileType = sourcecode.c.c; fileEncoding = 4; name = juce_graphics_Sheenbidi.c; path = modules/juce_graphics/juce_graphics_Sheenbidi.c; sourceTree = SOURCE_ROOT; };
		E0651EE0A6BB41B889B4951E /* /Users/admin/legion-stage-ios/libs/JUCE/modules/juce_gui_basics/juce_gui_basics.mm */ = {isa = PBXFileReference; explicitFileType = sourcecode.cpp.objcpp; fileEncoding = 4; name = juce_gui_basics.mm; path = modules/juce_gui_basics/juce_gui_basics.mm; sourceTree = SOURCE_ROOT; };
/* End PBXFileReference section */

/* Begin PBXFrameworksBuildPhase section */
		848F46B511AF4AD2BE90DC53 /* Frameworks */ = {
			isa = PBXFrameworksBuildPhase;
			buildActionMask = 2147483647;
			files = (
			);
			runOnlyForDeploymentPostprocessing = 0;
		};
/* End PBXFrameworksBuildPhase section */

/* Begin PBXGroup section */
		2F62D11DE0AE47A9AE356993 /* Frameworks */ = {
			isa = PBXGroup;
			children = (
				79F639D6D49244B689AD566B /* /Applications/Xcode.app/Contents/Developer/Platforms/MacOSX.platform/Developer/SDKs/MacOSX26.4.sdk/System/Library/Frameworks/QuartzCore.framework */,
				CD1D50D27D7242DB961BECD5 /* /Applications/Xcode.app/Contents/Developer/Platforms/MacOSX.platform/Developer/SDKs/MacOSX26.4.sdk/System/Library/Frameworks/Cocoa.framework */,
				90375554FAE943D9AE3834E9 /* /Applications/Xcode.app/Contents/Developer/Platforms/MacOSX.platform/Developer/SDKs/MacOSX26.4.sdk/System/Library/Frameworks/Foundation.framework */,
				A72EE9613B164E0E8C3E9225 /* /Applications/Xcode.app/Contents/Developer/Platforms/MacOSX.platform/Developer/SDKs/MacOSX26.4.sdk/System/Library/Frameworks/IOKit.framework */,
				2EC889BD52A64E89AB3F6E8D /* /Applications/Xcode.app/Contents/Developer/Platforms/MacOSX.platform/Developer/SDKs/MacOSX26.4.sdk/System/Library/Frameworks/Security.framework */,
			);
			name = Frameworks;
			sourceTree = "<group>";
		};
		31FF29B6FF1E4B6EB78F2BFC /* CMake Rules */ = {
			isa = PBXGroup;
			children = (
			);
			name = "CMake Rules";
			sourceTree = "<group>";
		};
		45EFFAD6353C431C9935C2B5 = {
			isa = PBXGroup;
			children = (
				B991D164295941688914DBDF /* ALL_BUILD */,
				4C39C9CA63F34072ACF5D943 /* juceaide */,
				567CC4415AA74C90BF1124C2 /* Products */,
				2F62D11DE0AE47A9AE356993 /* Frameworks */,
				5A44EC20D14A4B60A25860CD /* Resources */,
			);
			sourceTree = "<group>";
		};
		4C39C9CA63F34072ACF5D943 /* juceaide */ = {
			isa = PBXGroup;
			children = (
				A554C60B513D442C97B2CF10 /* Source Files */,
				428345AE556C4A2BB7A7D9A0 /* /Users/admin/legion-stage-ios/libs/JUCE/extras/Build/juceaide/CMakeLists.txt */,
			);
			name = juceaide;
			sourceTree = "<group>";
		};
		567CC4415AA74C90BF1124C2 /* Products */ = {
			isa = PBXGroup;
			children = (
				97AC6F28D78E4168A5B4D136 /* juceaide */,
			);
			name = Products;
			sourceTree = "<group>";
		};
		5A44EC20D14A4B60A25860CD /* Resources */ = {
			isa = PBXGroup;
			children = (
			);
			name = Resources;
			sourceTree = "<group>";
		};
		A554C60B513D442C97B2CF10 /* Source Files */ = {
			isa = PBXGroup;
			children = (
				5DE6618CD8B44BBB81901487 /* /Users/admin/legion-stage-ios/libs/JUCE/extras/Build/juce_build_tools/juce_build_tools.cpp */,
				9D467572FCB0460BADA64788 /* /Users/admin/legion-stage-ios/libs/JUCE/extras/Build/juceaide/Main.cpp */,
				A8BF186FF8E843239ED20758 /* /Users/admin/legion-stage-ios/libs/JUCE/modules/juce_core/juce_core.mm */,
				6D9DC7140B7748EB8EF2BDB4 /* /Users/admin/legion-stage-ios/libs/JUCE/modules/juce_core/juce_core_CompilationTime.cpp */,
				AABF621399BC445683582A6F /* /Users/admin/legion-stage-ios/libs/JUCE/modules/juce_data_structures/juce_data_structures.mm */,
				46EA240D26494A47993D0321 /* /Users/admin/legion-stage-ios/libs/JUCE/modules/juce_events/juce_events.mm */,
				6100D06F09C249A18D458AEE /* /Users/admin/legion-stage-ios/libs/JUCE/modules/juce_graphics/juce_graphics.mm */,
				8CD48771C8244621BB81ECD5 /* /Users/admin/legion-stage-ios/libs/JUCE/modules/juce_graphics/juce_graphics_Harfbuzz.cpp */,
				DFE2F7A07F3A4F159E9E4A0F /* /Users/admin/legion-stage-ios/libs/JUCE/modules/juce_graphics/juce_graphics_Sheenbidi.c */,
				E0651EE0A6BB41B889B4951E /* /Users/admin/legion-stage-ios/libs/JUCE/modules/juce_gui_basics/juce_gui_basics.mm */,
			);
			name = "Source Files";
			sourceTree = "<group>";
		};
		B991D164295941688914DBDF /* ALL_BUILD */ = {
			isa = PBXGroup;
			children = (
				31FF29B6FF1E4B6EB78F2BFC /* CMake Rules */,
				695C8D3239F642908BB117E5 /* /Users/admin/legion-stage-ios/libs/JUCE/CMakeLists.txt */,
			);
			name = ALL_BUILD;
			sourceTree = "<group>";
		};
/* End PBXGroup section */

/* Begin PBXNativeTarget section */
		CEE75BB69C85C9BCBA6ECC35 /* juceaide */ = {
			isa = PBXNativeTarget;
			buildConfigurationList = 0F5662B5609647BF9C71D034 /* Build configuration list for PBXNativeTarget "juceaide" */;
			buildPhases = (
				4D791CF8A6B944DD92AFDDE0 /* Sources */,
				848F46B511AF4AD2BE90DC53 /* Frameworks */,
			);
			buildRules = (
			);
			dependencies = (
				8569FF555E5946F7B48B4137 /* PBXTargetDependency */,
			);
			name = juceaide;
			productName = juceaide;
			productReference = 97AC6F28D78E4168A5B4D136 /* juceaide */;
			productType = "com.apple.product-type.tool";
		};
/* End PBXNativeTarget section */

/* Begin PBXProject section */
		C34A23035B7A4A6E9FD26046 /* Project object */ = {
			isa = PBXProject;
			attributes = {
				BuildIndependentTargetsInParallel = YES;
				LastUpgradeCheck = 2640;
			};
			buildConfigurationList = 12D93B405443436585D6D12B /* Build configuration list for PBXProject "JUCE" */;
			buildSettings = {
			};
			buildStyles = (
				B7C908FC7E284BE2A6F97D32 /* Custom */,
			);
			compatibilityVersion = "Xcode 3.2";
			hasScannedForEncodings = 0;
			mainGroup = 45EFFAD6353C431C9935C2B5;
			projectDirPath = "/Users/admin/legion-stage-ios/libs/JUCE";
			projectRoot = "";
			targets = (
				C5A58651CED07EEC39B6D336 /* ALL_BUILD */,
				9CD1659D9A65EC37507C05B4 /* install */,
				CEE75BB69C85C9BCBA6ECC35 /* juceaide */,
				3ED2EC20EA82D377BD80EA59 /* ZERO_CHECK */,
			);
		};
/* End PBXProject section */

/* Begin PBXShellScriptBuildPhase section */
		3C0110FC8322DE7E50886E21 = {
			isa = PBXShellScriptBuildPhase;
			buildActionMask = 2147483647;
			files = (
			);
			inputPaths = (
			);
			outputPaths = (
			);
			runOnlyForDeploymentPostprocessing = 0;
			shellPath = /bin/sh;
			shellScript = "# shell script goes here
exit 0";
			showEnvVarsInLog = 0;
		};
		87AF4882E018677E2624B544 = {
			isa = PBXShellScriptBuildPhase;
			buildActionMask = 2147483647;
			files = (
			);
			inputPaths = (
			);
			outputPaths = (
			);
			runOnlyForDeploymentPostprocessing = 0;
			shellPath = /bin/sh;
			shellScript = "# shell script goes here
exit 0";
			showEnvVarsInLog = 0;
		};
		93426DA6A4AC2C2AC9CE883C /* CMake PostBuild Rules */ = {
			isa = PBXShellScriptBuildPhase;
			alwaysOutOfDate = 1;
			buildActionMask = 2147483647;
			files = (
			);
			inputPaths = (
			);
			name = "CMake PostBuild Rules";
			outputPaths = (
			);
			runOnlyForDeploymentPostprocessing = 0;
			shellPath = /bin/sh;
			shellScript = "set -e
if test \"$CONFIGURATION\" = \"Custom\"; then :
  cd /Users/admin/legion-stage-ios/build-ios-sim/libs/JUCE/tools
  /opt/homebrew/bin/cmake -DBUILD_TYPE=$CONFIGURATION$EFFECTIVE_PLATFORM_NAME -P cmake_install.cmake
fi
";
			showEnvVarsInLog = 0;
		};
		9B50530E35CC49C82C2FACCF = {
			isa = PBXShellScriptBuildPhase;
			buildActionMask = 2147483647;
			files = (
			);
			inputPaths = (
			);
			outputPaths = (
			);
			runOnlyForDeploymentPostprocessing = 0;
			shellPath = /bin/sh;
			shellScript = "# shell script goes here
exit 0";
			showEnvVarsInLog = 0;
		};
		9BBAFCBBC204A0073CDB1554 /* Generate CMakeFiles/ZERO_CHECK */ = {
			isa = PBXShellScriptBuildPhase;
			alwaysOutOfDate = 1;
			buildActionMask = 2147483647;
			files = (
			);
			inputPaths = (
			);
			name = "Generate CMakeFiles/ZERO_CHECK";
			outputPaths = (
"/Users/admin/legion-stage-ios/build-ios-sim/libs/JUCE/tools/CMakeFiles/ZERO_CHECK"			);
			runOnlyForDeploymentPostprocessing = 0;
			shellPath = /bin/sh;
			shellScript = "set -e
if test \"$CONFIGURATION\" = \"Custom\"; then :
  cd /Users/admin/legion-stage-ios/build-ios-sim/libs/JUCE/tools
  make -f /Users/admin/legion-stage-ios/build-ios-sim/libs/JUCE/tools/CMakeScripts/ReRunCMake.make
fi
";
			showEnvVarsInLog = 0;
		};
		D42D0CED66E1EC89837D3337 /* Generate CMakeFiles/ALL_BUILD */ = {
			isa = PBXShellScriptBuildPhase;
			alwaysOutOfDate = 1;
			buildActionMask = 2147483647;
			files = (
			);
			inputPaths = (
			);
			name = "Generate CMakeFiles/ALL_BUILD";
			outputPaths = (
"/Users/admin/legion-stage-ios/build-ios-sim/libs/JUCE/tools/CMakeFiles/ALL_BUILD"			);
			runOnlyForDeploymentPostprocessing = 0;
			shellPath = /bin/sh;
			shellScript = "set -e
if test \"$CONFIGURATION\" = \"Custom\"; then :
  cd /Users/admin/legion-stage-ios/build-ios-sim/libs/JUCE/tools
  echo Build\\ all\\ projects
fi
";
			showEnvVarsInLog = 0;
		};
/* End PBXShellScriptBuildPhase section */

/* Begin PBXSourcesBuildPhase section */
		4D791CF8A6B944DD92AFDDE0 /* Sources */ = {
			isa = PBXSourcesBuildPhase;
			buildActionMask = 2147483647;
			files = (
				278046F2FF36400D8F348E83 /* /Users/admin/legion-stage-ios/libs/JUCE/extras/Build/juce_build_tools/juce_build_tools.cpp */,
				97FAB4513BAE4E3080BE09DB /* /Users/admin/legion-stage-ios/libs/JUCE/extras/Build/juceaide/Main.cpp */,
				A499B65956454A86BCB09F7E /* /Users/admin/legion-stage-ios/libs/JUCE/modules/juce_core/juce_core.mm */,
				441AA192ECE7413E87876D9A /* /Users/admin/legion-stage-ios/libs/JUCE/modules/juce_core/juce_core_CompilationTime.cpp */,
				745B109AD2B7468FB034EAA2 /* /Users/admin/legion-stage-ios/libs/JUCE/modules/juce_data_structures/juce_data_structures.mm */,
				1FE91700129F45A18CD28A78 /* /Users/admin/legion-stage-ios/libs/JUCE/modules/juce_events/juce_events.mm */,
				033DB2D043BA4F909E0A0A67 /* /Users/admin/legion-stage-ios/libs/JUCE/modules/juce_graphics/juce_graphics.mm */,
				F113FEF6D3874E78A6ED4D44 /* /Users/admin/legion-stage-ios/libs/JUCE/modules/juce_graphics/juce_graphics_Harfbuzz.cpp */,
				73C327EFB93249CC91B303F3 /* /Users/admin/legion-stage-ios/libs/JUCE/modules/juce_graphics/juce_graphics_Sheenbidi.c */,
				D65717ABFE684DBDBFE3BC96 /* /Users/admin/legion-stage-ios/libs/JUCE/modules/juce_gui_basics/juce_gui_basics.mm */,
			);
			runOnlyForDeploymentPostprocessing = 0;
		};
/* End PBXSourcesBuildPhase section */

/* Begin PBXTargetDependency section */
		1D6287EF5BC64580AE0D72F4 /* PBXTargetDependency */ = {
			isa = PBXTargetDependency;
			target = 3ED2EC20EA82D377BD80EA59 /* ZERO_CHECK */;
			targetProxy = 85ACCA3B33D34DFABBE1F52F /* PBXContainerItemProxy */;
		};
		8569FF555E5946F7B48B4137 /* PBXTargetDependency */ = {
			isa = PBXTargetDependency;
			target = 3ED2EC20EA82D377BD80EA59 /* ZERO_CHECK */;
			targetProxy = 1C5AE021850F4C708947EBAA /* PBXContainerItemProxy */;
		};
		97B14730B8F646E59D9759B5 /* PBXTargetDependency */ = {
			isa = PBXTargetDependency;
			target = CEE75BB69C85C9BCBA6ECC35 /* juceaide */;
			targetProxy = AE0A2726D4014B9385305304 /* PBXContainerItemProxy */;
		};
		C19447A04412456B801F9B26 /* PBXTargetDependency */ = {
			isa = PBXTargetDependency;
			target = C5A58651CED07EEC39B6D336 /* ALL_BUILD */;
			targetProxy = 4F8FBF8213BF40CE9F12701C /* PBXContainerItemProxy */;
		};
/* End PBXTargetDependency section */

/* Begin XCBuildConfiguration section */
		0F834771860F4948BD9A3C3A /* Custom */ = {
			isa = XCBuildConfiguration;
			buildSettings = {
				ARCHS = arm64;
				MACOSX_DEPLOYMENT_TARGET = 16.0;
				SDKROOT = "";
				SWIFT_COMPILATION_MODE = wholemodule;
				SYMROOT = "/Users/admin/legion-stage-ios/build-ios-sim/libs/JUCE/tools/build";
			};
			name = Custom;
		};
		3160EB8C172548559252925F /* Custom */ = {
			isa = XCBuildConfiguration;
			buildSettings = {
				ALWAYS_SEARCH_USER_PATHS = NO;
				ARCHS = arm64;
				COMBINE_HIDPI_IMAGES = YES;
				GCC_GENERATE_DEBUGGING_SYMBOLS = YES;
				GCC_INLINES_ARE_PRIVATE_EXTERN = NO;
				GCC_OPTIMIZATION_LEVEL = 0;
				GCC_PREPROCESSOR_DEFINITIONS = ("'CMAKE_INTDIR=\"$(CONFIGURATION)$(EFFECTIVE_PLATFORM_NAME)\"'","$(inherited)");
				GCC_SYMBOLS_PRIVATE_EXTERN = NO;
				INSTALL_PATH = "";
				ONLY_ACTIVE_ARCH = NO;
				OTHER_LDFLAGS = ("","$(inherited)");
				OTHER_REZFLAGS = "";
				PRODUCT_NAME = install;
				SECTORDER_FLAGS = "";
				USE_HEADERMAP = NO;
				WARNING_CFLAGS = ("$(inherited)");
			};
			name = Custom;
		};
		3AA613994993478EBC77FD8F /* Custom */ = {
			isa = XCBuildConfiguration;
			buildSettings = {
				ALWAYS_SEARCH_USER_PATHS = NO;
				ARCHS = arm64;
				COMBINE_HIDPI_IMAGES = YES;
				GCC_GENERATE_DEBUGGING_SYMBOLS = YES;
				GCC_INLINES_ARE_PRIVATE_EXTERN = NO;
				GCC_OPTIMIZATION_LEVEL = 0;
				GCC_PREPROCESSOR_DEFINITIONS = ("'CMAKE_INTDIR=\"$(CONFIGURATION)$(EFFECTIVE_PLATFORM_NAME)\"'","$(inherited)");
				GCC_SYMBOLS_PRIVATE_EXTERN = NO;
				INSTALL_PATH = "";
				ONLY_ACTIVE_ARCH = NO;
				OTHER_LDFLAGS = ("","$(inherited)");
				OTHER_REZFLAGS = "";
				PRODUCT_NAME = ZERO_CHECK;
				SECTORDER_FLAGS = "";
				USE_HEADERMAP = NO;
				WARNING_CFLAGS = ("$(inherited)");
			};
			name = Custom;
		};
		48E3BE3559794E15976F1327 /* Custom */ = {
			isa = XCBuildConfiguration;
			buildSettings = {
				ALWAYS_SEARCH_USER_PATHS = NO;
				ARCHS = arm64;
				COMBINE_HIDPI_IMAGES = YES;
				CONFIGURATION_BUILD_DIR = "/Users/admin/legion-stage-ios/build-ios-sim/libs/JUCE/tools/extras/Build/juceaide/juceaide_artefacts/Custom";
				EXECUTABLE_PREFIX = "";
				EXECUTABLE_SUFFIX = "";
				GCC_GENERATE_DEBUGGING_SYMBOLS = NO;
				GCC_INLINES_ARE_PRIVATE_EXTERN = NO;
				GCC_OPTIMIZATION_LEVEL = 0;
				GCC_PREPROCESSOR_DEFINITIONS = ("'CMAKE_INTDIR=\"$(CONFIGURATION)$(EFFECTIVE_PLATFORM_NAME)\"'","'JUCE_STANDALONE_APPLICATION=1'","'JUCE_DISABLE_JUCE_VERSION_PRINTING=1'","'JUCE_USE_CURL=0'","'JUCE_SILENCE_XCODE_15_LINKER_WARNING=1'","'JUCE_MODULE_AVAILABLE_juce_build_tools=1'","'JUCE_MODULE_AVAILABLE_juce_gui_basics=1'","'JUCE_MODULE_AVAILABLE_juce_graphics=1'","'JUCE_MODULE_AVAILABLE_juce_events=1'","'JUCE_GLOBAL_MODULE_SETTINGS_INCLUDED=1'","'NDEBUG=1'","'_NDEBUG=1'","'JUCE_MODULE_AVAILABLE_juce_core=1'","'JUCE_MODULE_AVAILABLE_juce_data_structures=1'","$(inherited)");
				GCC_SYMBOLS_PRIVATE_EXTERN = NO;
				HEADER_SEARCH_PATHS = ("/Users/admin/legion-stage-ios/build-ios-sim/libs/JUCE/tools/extras/Build/juceaide/juceaide_artefacts/JuceLibraryCode","/Users/admin/legion-stage-ios/libs/JUCE/extras/Build","/Users/admin/legion-stage-ios/libs/JUCE/modules","$(inherited)");
				INSTALL_PATH = "";
				ONLY_ACTIVE_ARCH = NO;
				OTHER_CFLAGS = ("-Wall -Wshadow-all -Wshorten-64-to-32 -Wstrict-aliasing -Wuninitialized -Wunused-parameter -Wconversion -Wsign-compare -Wint-conversion -Wconditional-uninitialized -Wconstant-conversion -Wsign-conversion -Wbool-conversion -Wextra-semi -Wunreachable-code -Wcast-align -Wshift-sign-overflow -Wmissing-prototypes -Wnullable-to-nonnull-conversion -Wno-ignored-qualifiers -Wswitch-enum -Wpedantic -Wdeprecated -Wfloat-equal -Wmissing-field-initializers ","$(inherited)");
				OTHER_CPLUSPLUSFLAGS = "'-std=c++17' -Wall -Wshadow-all -Wshorten-64-to-32 -Wstrict-aliasing -Wuninitialized -Wunused-parameter -Wconversion -Wsign-compare -Wint-conversion -Wconditional-uninitialized -Wconstant-conversion -Wsign-conversion -Wbool-conversion -Wextra-semi -Wunreachable-code -Wcast-align -Wshift-sign-overflow -Wmissing-prototypes -Wnullable-to-nonnull-conversion -Wno-ignored-qualifiers -Wswitch-enum -Wpedantic -Wdeprecated -Wfloat-equal -Wmissing-field-initializers -Wzero-as-null-pointer-constant -Wunused-private-field -Woverloaded-virtual -Wreorder -Winconsistent-missing-destructor-override ";
				OTHER_LDFLAGS = (" -Wl,-search_paths_first -Wl,-headerpad_max_install_names","-weak_framework Metal","-weak_framework MetalKit","-framework QuartzCore","-framework Cocoa","-framework Foundation","-framework IOKit","-framework Security","$(inherited)");
				OTHER_REZFLAGS = "";
				PRODUCT_NAME = juceaide;
				SECTORDER_FLAGS = "";
				TARGET_TEMP_DIR = "/Users/admin/legion-stage-ios/build-ios-sim/libs/JUCE/tools/build/juceaide.build/$(CONFIGURATION)$(EFFECTIVE_PLATFORM_NAME)";
				USE_HEADERMAP = NO;
				WARNING_CFLAGS = ("$(inherited)");
			};
			name = Custom;
		};
		E73AA3E344274B55A98C38BD /* Custom */ = {
			isa = XCBuildConfiguration;
			buildSettings = {
				ALWAYS_SEARCH_USER_PATHS = NO;
				ARCHS = arm64;
				COMBINE_HIDPI_IMAGES = YES;
				GCC_GENERATE_DEBUGGING_SYMBOLS = YES;
				GCC_INLINES_ARE_PRIVATE_EXTERN = NO;
				GCC_OPTIMIZATION_LEVEL = 0;
				GCC_PREPROCESSOR_DEFINITIONS = ("'CMAKE_INTDIR=\"$(CONFIGURATION)$(EFFECTIVE_PLATFORM_NAME)\"'","$(inherited)");
				GCC_SYMBOLS_PRIVATE_EXTERN = NO;
				INSTALL_PATH = "";
				ONLY_ACTIVE_ARCH = NO;
				OTHER_LDFLAGS = ("","$(inherited)");
				OTHER_REZFLAGS = "";
				PRODUCT_NAME = ALL_BUILD;
				SECTORDER_FLAGS = "";
				USE_HEADERMAP = NO;
				WARNING_CFLAGS = ("$(inherited)");
			};
			name = Custom;
		};
/* End XCBuildConfiguration section */

/* Begin XCConfigurationList section */
		0F5662B5609647BF9C71D034 /* Build configuration list for PBXNativeTarget "juceaide" */ = {
			isa = XCConfigurationList;
			buildConfigurations = (
				48E3BE3559794E15976F1327 /* Custom */,
			);
			defaultConfigurationIsVisible = 0;
			defaultConfigurationName = Custom;
		};
		12D93B405443436585D6D12B /* Build configuration list for PBXProject "JUCE" */ = {
			isa = XCConfigurationList;
			buildConfigurations = (
				0F834771860F4948BD9A3C3A /* Custom */,
			);
			defaultConfigurationIsVisible = 0;
			defaultConfigurationName = Custom;
		};
		2060BF374DB04DEE9558C44B /* Build configuration list for PBXAggregateTarget "ALL_BUILD" */ = {
			isa = XCConfigurationList;
			buildConfigurations = (
				E73AA3E344274B55A98C38BD /* Custom */,
			);
			defaultConfigurationIsVisible = 0;
			defaultConfigurationName = Custom;
		};
		58BC1839A49D4525907B756C /* Build configuration list for PBXAggregateTarget "ZERO_CHECK" */ = {
			isa = XCConfigurationList;
			buildConfigurations = (
				3AA613994993478EBC77FD8F /* Custom */,
			);
			defaultConfigurationIsVisible = 0;
			defaultConfigurationName = Custom;
		};
		BC281F2B7D2F4794BB7C5B72 /* Build configuration list for PBXAggregateTarget "install" */ = {
			isa = XCConfigurationList;
			buildConfigurations = (
				3160EB8C172548559252925F /* Custom */,
			);
			defaultConfigurationIsVisible = 0;
			defaultConfigurationName = Custom;
		};
/* End XCConfigurationList section */
	};
	rootObject = C34A23035B7A4A6E9FD26046 /* Project object */;
}
